
Microsoft Visual Studio Solution File, Format Version 12.00
Project("{FAE04EC0-301F-11D3-BF4B-00C04F79EFBC}") = "Audacia.Log", "Audacia.Log\Audacia.Log.csproj", "{D9274A98-3F2E-4EFD-8050-F6C95C144D73}"
EndProject
Project("{FAE04EC0-301F-11D3-BF4B-00C04F79EFBC}") = "Audacia.Log.AspNetCore", "Audacia.Log.AspNetCore\Audacia.Log.AspNetCore.csproj", "{4D38A980-41A0-4E9D-B01A-74E214156679}"
EndProject
Project("{FAE04EC0-301F-11D3-BF4B-00C04F79EFBC}") = "Audacia.Log.AspNet4", "Audacia.Log.AspNet4\Audacia.Log.AspNet4.csproj", "{7E55694A-7FE2-4E88-A0C2-132AF27F31BE}"
EndProject
Project("{2150E333-8FDC-42A3-9474-1A3956D46DE8}") = "Solution Items", "Solution Items", "{A51E1C35-5B0C-46A5-BE5E-A4C7D67DA5DA}"
ProjectSection(SolutionItems) = preProject
	README.md = README.md
	build.yaml = build.yaml
	CodeAnalysis.ruleset = CodeAnalysis.ruleset
	.gitignore = .gitignore
EndProjectSection
EndProject
Global
	GlobalSection(SolutionConfigurationPlatforms) = preSolution
		Debug|Any CPU = Debug|Any CPU
		Release|Any CPU = Release|Any CPU
	EndGlobalSection
	GlobalSection(ProjectConfigurationPlatforms) = postSolution
		{D9274A98-3F2E-4EFD-8050-F6C95C144D73}.Debug|Any CPU.ActiveCfg = Debug|Any CPU
		{D9274A98-3F2E-4EFD-8050-F6C95C144D73}.Debug|Any CPU.Build.0 = Debug|Any CPU
		{D9274A98-3F2E-4EFD-8050-F6C95C144D73}.Release|Any CPU.ActiveCfg = Release|Any CPU
		{D9274A98-3F2E-4EFD-8050-F6C95C144D73}.Release|Any CPU.Build.0 = Release|Any CPU
		{4D38A980-41A0-4E9D-B01A-74E214156679}.Debug|Any CPU.ActiveCfg = Debug|Any CPU
		{4D38A980-41A0-4E9D-B01A-74E214156679}.Debug|Any CPU.Build.0 = Debug|Any CPU
		{4D38A980-41A0-4E9D-B01A-74E214156679}.Release|Any CPU.ActiveCfg = Release|Any CPU
		{4D38A980-41A0-4E9D-B01A-74E214156679}.Release|Any CPU.Build.0 = Release|Any CPU
		{7E55694A-7FE2-4E88-A0C2-132AF27F31BE}.Debug|Any CPU.ActiveCfg = Debug|Any CPU
		{7E55694A-7FE2-4E88-A0C2-132AF27F31BE}.Debug|Any CPU.Build.0 = Debug|Any CPU
		{7E55694A-7FE2-4E88-A0C2-132AF27F31BE}.Release|Any CPU.ActiveCfg = Release|Any CPU
		{7E55694A-7FE2-4E88-A0C2-132AF27F31BE}.Release|Any CPU.Build.0 = Release|Any CPU
	EndGlobalSection
EndGlobal
